PODS:
  - Capacitor (5.4.2):
    - CapacitorCordova
  - CapacitorCordova (5.4.2)
  - CapacitorShare (5.0.6):
    - Capacitor
  - CapacitorStatusBar (5.0.6):
    - Capacitor
  - CapacitorVideoPlayer (5.0.2):
    - Capacitor
  - google-cast-sdk (4.8.0):
    - google-cast-sdk/Core (= 4.8.0)
    - Protobuf (~> 3.13)
  - google-cast-sdk/Core (4.8.0):
    - Protobuf (~> 3.13)
  - JwplayerCapacitor (5.0.0):
    - Capacitor
    - google-cast-sdk
    - JWPlayerKit (~> 4.12.0)
  - JWPlayerKit (4.12.1)
  - Protobuf (3.24.3)

DEPENDENCIES:
  - "Capacitor (from `../../node_modules/@capacitor/ios`)"
  - "CapacitorCordova (from `../../node_modules/@capacitor/ios`)"
  - "CapacitorShare (from `../../node_modules/@capacitor/share`)"
  - "CapacitorStatusBar (from `../../node_modules/@capacitor/status-bar`)"
  - CapacitorVideoPlayer (from `../../node_modules/capacitor-video-player`)
  - JwplayerCapacitor (from `../../node_modules/jwplayer-capacitor`)

SPEC REPOS:
  trunk:
    - google-cast-sdk
    - JWPlayerKit
    - Protobuf

EXTERNAL SOURCES:
  Capacitor:
    :path: "../../node_modules/@capacitor/ios"
  CapacitorCordova:
    :path: "../../node_modules/@capacitor/ios"
  CapacitorShare:
    :path: "../../node_modules/@capacitor/share"
  CapacitorStatusBar:
    :path: "../../node_modules/@capacitor/status-bar"
  CapacitorVideoPlayer:
    :path: "../../node_modules/capacitor-video-player"
  JwplayerCapacitor:
    :path: "../../node_modules/jwplayer-capacitor"

SPEC CHECKSUMS:
  Capacitor: 8a9db42d105f55843cd8ed2a3cb54e2b78e7f102
  CapacitorCordova: cfcc06b698481da655415985eeb2b8da363f8451
  CapacitorShare: cd41743331cb71d217c029de54b681cbd91e0fcc
  CapacitorStatusBar: 565c0a1ebd79bb40d797606a8992b4a105885309
  CapacitorVideoPlayer: 756f72d4cfe773a42807f54b176155213622fbfa
  google-cast-sdk: afeb1aac0744b1bc4f70bc3db8468e33fabbff38
  JwplayerCapacitor: cee2d74804ad94a4951d4ad349d4cbb73209d816
  JWPlayerKit: 9059ce9802e87c1131307090b01a2f29e600fe51
  Protobuf: 970f7ee93a3a08e3cf64859b8efd95ee32b4f87f

PODFILE CHECKSUM: c01d4ab275b7a2c0410caaec210bbdfc57f9ff33

COCOAPODS: 1.12.1
